
Microsoft Visual Studio Solution File, Format Version 12.00
# Visual Studio Version 17
VisualStudioVersion = 17.8.34316.72
MinimumVisualStudioVersion = 10.0.40219.1
Project("{FAE04EC0-301F-11D3-BF4B-00C04F79EFBC}") = "LABA 3.1", "LABA 3.1.csproj", "{8204848A-3D9F-4568-9503-534FD5FCE8F4}"
EndProject
Global
	GlobalSection(SolutionConfigurationPlatforms) = preSolution
		Debug|Any CPU = Debug|Any CPU
		Release|Any CPU = Release|Any CPU
	EndGlobalSection
	GlobalSection(ProjectConfigurationPlatforms) = postSolution
		{8204848A-3D9F-4568-9503-534FD5FCE8F4}.Debug|Any CPU.ActiveCfg = Debug|Any CPU
		{8204848A-3D9F-4568-9503-534FD5FCE8F4}.Debug|Any CPU.Build.0 = Debug|Any CPU
		{8204848A-3D9F-4568-9503-534FD5FCE8F4}.Release|Any CPU.ActiveCfg = Release|Any CPU
		{8204848A-3D9F-4568-9503-534FD5FCE8F4}.Release|Any CPU.Build.0 = Release|Any CPU
	EndGlobalSection
	GlobalSection(SolutionProperties) = preSolution
		HideSolutionNode = FALSE
	EndGlobalSection
	GlobalSection(ExtensibilityGlobals) = postSolution
		SolutionGuid = {10B3E36E-BD90-487E-9BAA-F68704D855C2}
	EndGlobalSection
EndGlobal
