
Microsoft Visual Studio Solution File, Format Version 12.00
# Visual Studio Version 17
VisualStudioVersion = 17.8.34316.72
MinimumVisualStudioVersion = 10.0.40219.1
Project("{FAE04EC0-301F-11D3-BF4B-00C04F79EFBC}") = "LABA3", "LABA3.csproj", "{C42CB9AF-019A-436E-B859-8170103A20CA}"
EndProject
Global
	GlobalSection(SolutionConfigurationPlatforms) = preSolution
		Debug|Any CPU = Debug|Any CPU
		Release|Any CPU = Release|Any CPU
	EndGlobalSection
	GlobalSection(ProjectConfigurationPlatforms) = postSolution
		{C42CB9AF-019A-436E-B859-8170103A20CA}.Debug|Any CPU.ActiveCfg = Debug|Any CPU
		{C42CB9AF-019A-436E-B859-8170103A20CA}.Debug|Any CPU.Build.0 = Debug|Any CPU
		{C42CB9AF-019A-436E-B859-8170103A20CA}.Release|Any CPU.ActiveCfg = Release|Any CPU
		{C42CB9AF-019A-436E-B859-8170103A20CA}.Release|Any CPU.Build.0 = Release|Any CPU
	EndGlobalSection
	GlobalSection(SolutionProperties) = preSolution
		HideSolutionNode = FALSE
	EndGlobalSection
	GlobalSection(ExtensibilityGlobals) = postSolution
		SolutionGuid = {5E2DF884-43DD-4DD8-8EA6-1BDD11F92C86}
	EndGlobalSection
EndGlobal
